// !$*UTF8*$!
{
	archiveVersion = 1;
	classes = {
	};
	objectVersion = 50;
	objects = {

/* Begin PBXBuildFile section */
		72040E1FC9BCCD22D4C69340 /* Pods_BilliardsMachingUITests.framework in Frameworks */ = {isa = PBXBuildFile; fileRef = D00F1165C3E17B4709D6738B /* Pods_BilliardsMachingUITests.framework */; };
		88188160FF3A71672F687E28 /* Pods_BilliardsMachingTests.framework in Frameworks */ = {isa = PBXBuildFile; fileRef = A8EC4CF5F2D00874971C1180 /* Pods_BilliardsMachingTests.framework */; };
		CE486C8C8D253BE1A446FF27 /* Pods_BilliardsMaching.framework in Frameworks */ = {isa = PBXBuildFile; fileRef = 4B4ED333A8E05120E1EBA915 /* Pods_BilliardsMaching.framework */; };
		D6179FB821A130CD00386E9E /* UIImage+Extension.swift in Sources */ = {isa = PBXBuildFile; fileRef = D6179FB721A130CD00386E9E /* UIImage+Extension.swift */; };
		D61C45302197F2C0008911B3 /* UIToolbarTextField.swift in Sources */ = {isa = PBXBuildFile; fileRef = D61C452F2197F2C0008911B3 /* UIToolbarTextField.swift */; };
		D61CA5592174DE4100552B89 /* GoogleService-Info.plist in Resources */ = {isa = PBXBuildFile; fileRef = D61CA5582174DE4000552B89 /* GoogleService-Info.plist */; };
		D61E145A218EBF2E0045F76D /* UIView+Extension.swift in Sources */ = {isa = PBXBuildFile; fileRef = D61E1459218EBF2E0045F76D /* UIView+Extension.swift */; };
		D61E145C218EC1A60045F76D /* UIToolbarLabel.swift in Sources */ = {isa = PBXBuildFile; fileRef = D61E145B218EC1A60045F76D /* UIToolbarLabel.swift */; };
		D621821421AA6EF20012D53A /* MypageDisplayViewController.swift in Sources */ = {isa = PBXBuildFile; fileRef = D621821321AA6EF20012D53A /* MypageDisplayViewController.swift */; };
		D623204D2178BDF4003F127E /* Const.swift in Sources */ = {isa = PBXBuildFile; fileRef = D623204C2178BDF4003F127E /* Const.swift */; };
		D62320502178C753003F127E /* PostData.swift in Sources */ = {isa = PBXBuildFile; fileRef = D623204F2178C753003F127E /* PostData.swift */; };
		D62320532178CA64003F127E /* PostTableViewCell.swift in Sources */ = {isa = PBXBuildFile; fileRef = D62320512178CA64003F127E /* PostTableViewCell.swift */; };
		D62320542178CA64003F127E /* PostTableViewCell.xib in Resources */ = {isa = PBXBuildFile; fileRef = D62320522178CA64003F127E /* PostTableViewCell.xib */; };
		D62320592178DB4E003F127E /* PopUpViewController.swift in Sources */ = {isa = PBXBuildFile; fileRef = D62320582178DB4E003F127E /* PopUpViewController.swift */; };
		D6239F8321986CE400391204 /* SetStatusBar.swift in Sources */ = {isa = PBXBuildFile; fileRef = D6239F8221986CE400391204 /* SetStatusBar.swift */; };
		D6251DB2217DFF92000D0569 /* ChatAllViewController.swift in Sources */ = {isa = PBXBuildFile; fileRef = D6251DB1217DFF92000D0569 /* ChatAllViewController.swift */; };
		D6251DB5217E028C000D0569 /* ChatTableViewCell.swift in Sources */ = {isa = PBXBuildFile; fileRef = D6251DB3217E028C000D0569 /* ChatTableViewCell.swift */; };
		D6251DB6217E028C000D0569 /* ChatTableViewCell.xib in Resources */ = {isa = PBXBuildFile; fileRef = D6251DB4217E028C000D0569 /* ChatTableViewCell.xib */; };
		D6251DB8217E0459000D0569 /* ChatData.swift in Sources */ = {isa = PBXBuildFile; fileRef = D6251DB7217E0459000D0569 /* ChatData.swift */; };
		D6257C4521761AF700C32366 /* NewAccountViewController.swift in Sources */ = {isa = PBXBuildFile; fileRef = D6257C4421761AF700C32366 /* NewAccountViewController.swift */; };
		D6257C47217621C700C32366 /* Header.swift in Sources */ = {isa = PBXBuildFile; fileRef = D6257C46217621C700C32366 /* Header.swift */; };
		D625EB6A2179B09000D0F91A /* UserData.swift in Sources */ = {isa = PBXBuildFile; fileRef = D625EB692179B09000D0F91A /* UserData.swift */; };
		D62721F421947D110081EBD4 /* ButtonClass.swift in Sources */ = {isa = PBXBuildFile; fileRef = D62721F321947D110081EBD4 /* ButtonClass.swift */; };
		D62ABFC621930A4900534D3A /* UIColor+Extension.swift in Sources */ = {isa = PBXBuildFile; fileRef = D62ABFC521930A4900534D3A /* UIColor+Extension.swift */; };
		D6313A152173853C00116FE9 /* AppDelegate.swift in Sources */ = {isa = PBXBuildFile; fileRef = D6313A142173853C00116FE9 /* AppDelegate.swift */; };
		D6313A172173853C00116FE9 /* ViewController.swift in Sources */ = {isa = PBXBuildFile; fileRef = D6313A162173853C00116FE9 /* ViewController.swift */; };
		D6313A1A2173853C00116FE9 /* Main.storyboard in Resources */ = {isa = PBXBuildFile; fileRef = D6313A182173853C00116FE9 /* Main.storyboard */; };
		D6313A1C2173853F00116FE9 /* Assets.xcassets in Resources */ = {isa = PBXBuildFile; fileRef = D6313A1B2173853F00116FE9 /* Assets.xcassets */; };
		D6313A1F2173853F00116FE9 /* LaunchScreen.storyboard in Resources */ = {isa = PBXBuildFile; fileRef = D6313A1D2173853F00116FE9 /* LaunchScreen.storyboard */; };
		D6313A2A2173853F00116FE9 /* BilliardsMachingTests.swift in Sources */ = {isa = PBXBuildFile; fileRef = D6313A292173853F00116FE9 /* BilliardsMachingTests.swift */; };
		D6313A352173853F00116FE9 /* BilliardsMachingUITests.swift in Sources */ = {isa = PBXBuildFile; fileRef = D6313A342173853F00116FE9 /* BilliardsMachingUITests.swift */; };
		D6313A43217385DC00116FE9 /* HomeViewController.swift in Sources */ = {isa = PBXBuildFile; fileRef = D6313A42217385DB00116FE9 /* HomeViewController.swift */; };
		D6313A472173864300116FE9 /* LoginViewController.swift in Sources */ = {isa = PBXBuildFile; fileRef = D6313A462173864300116FE9 /* LoginViewController.swift */; };
		D6313A492173865700116FE9 /* CreateViewController.swift in Sources */ = {isa = PBXBuildFile; fileRef = D6313A482173865700116FE9 /* CreateViewController.swift */; };
		D6313A4B2173866B00116FE9 /* MypageViewController.swift in Sources */ = {isa = PBXBuildFile; fileRef = D6313A4A2173866B00116FE9 /* MypageViewController.swift */; };
		D6313A4D2173869000116FE9 /* ChatViewController.swift in Sources */ = {isa = PBXBuildFile; fileRef = D6313A4C2173869000116FE9 /* ChatViewController.swift */; };
		D64D01D82180A91D00FDD782 /* ChatOneViewController.swift in Sources */ = {isa = PBXBuildFile; fileRef = D64D01D72180A91D00FDD782 /* ChatOneViewController.swift */; };
		D64D01DA2180AA0800FDD782 /* MockMessage.swift in Sources */ = {isa = PBXBuildFile; fileRef = D64D01D92180AA0800FDD782 /* MockMessage.swift */; };
/* End PBXBuildFile section */

/* Begin PBXContainerItemProxy section */
		D6313A262173853F00116FE9 /* PBXContainerItemProxy */ = {
			isa = PBXContainerItemProxy;
			containerPortal = D6313A092173853C00116FE9 /* Project object */;
			proxyType = 1;
			remoteGlobalIDString = D6313A102173853C00116FE9;
			remoteInfo = BilliardsMaching;
		};
		D6313A312173853F00116FE9 /* PBXContainerItemProxy */ = {
			isa = PBXContainerItemProxy;
			containerPortal = D6313A092173853C00116FE9 /* Project object */;
			proxyType = 1;
			remoteGlobalIDString = D6313A102173853C00116FE9;
			remoteInfo = BilliardsMaching;
		};
/* End PBXContainerItemProxy section */

/* Begin PBXFileReference section */
		03F5AABFBC5608472E3DF85F /* Pods-BilliardsMaching.release.xcconfig */ = {isa = PBXFileReference; includeInIndex = 1; lastKnownFileType = text.xcconfig; name = "Pods-BilliardsMaching.release.xcconfig"; path = "Pods/Target Support Files/Pods-BilliardsMaching/Pods-BilliardsMaching.release.xcconfig"; sourceTree = "<group>"; };
		09613709088756A4BB69CE5E /* Pods-BilliardsMachingTests.release.xcconfig */ = {isa = PBXFileReference; includeInIndex = 1; lastKnownFileType = text.xcconfig; name = "Pods-BilliardsMachingTests.release.xcconfig"; path = "Pods/Target Support Files/Pods-BilliardsMachingTests/Pods-BilliardsMachingTests.release.xcconfig"; sourceTree = "<group>"; };
		1A64DF7A18DFB98BF8666CFD /* Pods-BilliardsMaching.debug.xcconfig */ = {isa = PBXFileReference; includeInIndex = 1; lastKnownFileType = text.xcconfig; name = "Pods-BilliardsMaching.debug.xcconfig"; path = "Pods/Target Support Files/Pods-BilliardsMaching/Pods-BilliardsMaching.debug.xcconfig"; sourceTree = "<group>"; };
		4B4ED333A8E05120E1EBA915 /* Pods_BilliardsMaching.framework */ = {isa = PBXFileReference; explicitFileType = wrapper.framework; includeInIndex = 0; path = Pods_BilliardsMaching.framework; sourceTree = BUILT_PRODUCTS_DIR; };
		A8EC4CF5F2D00874971C1180 /* Pods_BilliardsMachingTests.framework */ = {isa = PBXFileReference; explicitFileType = wrapper.framework; includeInIndex = 0; path = Pods_BilliardsMachingTests.framework; sourceTree = BUILT_PRODUCTS_DIR; };
		B1208BB68D6C6D5F171052DE /* Pods-BilliardsMachingTests.debug.xcconfig */ = {isa = PBXFileReference; includeInIndex = 1; lastKnownFileType = text.xcconfig; name = "Pods-BilliardsMachingTests.debug.xcconfig"; path = "Pods/Target Support Files/Pods-BilliardsMachingTests/Pods-BilliardsMachingTests.debug.xcconfig"; sourceTree = "<group>"; };
		C244EBDB9DF82F4545BE1A16 /* Pods-BilliardsMachingUITests.release.xcconfig */ = {isa = PBXFileReference; includeInIndex = 1; lastKnownFileType = text.xcconfig; name = "Pods-BilliardsMachingUITests.release.xcconfig"; path = "Pods/Target Support Files/Pods-BilliardsMachingUITests/Pods-BilliardsMachingUITests.release.xcconfig"; sourceTree = "<group>"; };
		D00F1165C3E17B4709D6738B /* Pods_BilliardsMachingUITests.framework */ = {isa = PBXFileReference; explicitFileType = wrapper.framework; includeInIndex = 0; path = Pods_BilliardsMachingUITests.framework; sourceTree = BUILT_PRODUCTS_DIR; };
		D6179FB721A130CD00386E9E /* UIImage+Extension.swift */ = {isa = PBXFileReference; lastKnownFileType = sourcecode.swift; path = "UIImage+Extension.swift"; sourceTree = "<group>"; };
		D61C452F2197F2C0008911B3 /* UIToolbarTextField.swift */ = {isa = PBXFileReference; lastKnownFileType = sourcecode.swift; path = UIToolbarTextField.swift; sourceTree = "<group>"; };
		D61CA5582174DE4000552B89 /* GoogleService-Info.plist */ = {isa = PBXFileReference; fileEncoding = 4; lastKnownFileType = text.plist.xml; path = "GoogleService-Info.plist"; sourceTree = "<group>"; };
		D61E1459218EBF2E0045F76D /* UIView+Extension.swift */ = {isa = PBXFileReference; lastKnownFileType = sourcecode.swift; path = "UIView+Extension.swift"; sourceTree = "<group>"; };
		D61E145B218EC1A60045F76D /* UIToolbarLabel.swift */ = {isa = PBXFileReference; lastKnownFileType = sourcecode.swift; path = UIToolbarLabel.swift; sourceTree = "<group>"; };
		D621821321AA6EF20012D53A /* MypageDisplayViewController.swift */ = {isa = PBXFileReference; lastKnownFileType = sourcecode.swift; path = MypageDisplayViewController.swift; sourceTree = "<group>"; };
		D623204C2178BDF4003F127E /* Const.swift */ = {isa = PBXFileReference; lastKnownFileType = sourcecode.swift; path = Const.swift; sourceTree = "<group>"; };
		D623204F2178C753003F127E /* PostData.swift */ = {isa = PBXFileReference; lastKnownFileType = sourcecode.swift; path = PostData.swift; sourceTree = "<group>"; };
		D62320512178CA64003F127E /* PostTableViewCell.swift */ = {isa = PBXFileReference; lastKnownFileType = sourcecode.swift; path = PostTableViewCell.swift; sourceTree = "<group>"; };
		D62320522178CA64003F127E /* PostTableViewCell.xib */ = {isa = PBXFileReference; lastKnownFileType = file.xib; path = PostTableViewCell.xib; sourceTree = "<group>"; };
		D62320582178DB4E003F127E /* PopUpViewController.swift */ = {isa = PBXFileReference; lastKnownFileType = sourcecode.swift; path = PopUpViewController.swift; sourceTree = "<group>"; };
		D6239F8221986CE400391204 /* SetStatusBar.swift */ = {isa = PBXFileReference; lastKnownFileType = sourcecode.swift; path = SetStatusBar.swift; sourceTree = "<group>"; };
		D6251DB1217DFF92000D0569 /* ChatAllViewController.swift */ = {isa = PBXFileReference; lastKnownFileType = sourcecode.swift; path = ChatAllViewController.swift; sourceTree = "<group>"; };
		D6251DB3217E028C000D0569 /* ChatTableViewCell.swift */ = {isa = PBXFileReference; lastKnownFileType = sourcecode.swift; path = ChatTableViewCell.swift; sourceTree = "<group>"; };
		D6251DB4217E028C000D0569 /* ChatTableViewCell.xib */ = {isa = PBXFileReference; lastKnownFileType = file.xib; path = ChatTableViewCell.xib; sourceTree = "<group>"; };
		D6251DB7217E0459000D0569 /* ChatData.swift */ = {isa = PBXFileReference; lastKnownFileType = sourcecode.swift; path = ChatData.swift; sourceTree = "<group>"; };
		D6257C4421761AF700C32366 /* NewAccountViewController.swift */ = {isa = PBXFileReference; lastKnownFileType = sourcecode.swift; path = NewAccountViewController.swift; sourceTree = "<group>"; };
		D6257C46217621C700C32366 /* Header.swift */ = {isa = PBXFileReference; lastKnownFileType = sourcecode.swift; path = Header.swift; sourceTree = "<group>"; };
		D625EB692179B09000D0F91A /* UserData.swift */ = {isa = PBXFileReference; lastKnownFileType = sourcecode.swift; path = UserData.swift; sourceTree = "<group>"; };
		D62721F321947D110081EBD4 /* ButtonClass.swift */ = {isa = PBXFileReference; lastKnownFileType = sourcecode.swift; path = ButtonClass.swift; sourceTree = "<group>"; };
		D62ABFC521930A4900534D3A /* UIColor+Extension.swift */ = {isa = PBXFileReference; lastKnownFileType = sourcecode.swift; path = "UIColor+Extension.swift"; sourceTree = "<group>"; };
		D6313A112173853C00116FE9 /* BilliardsMaching.app */ = {isa = PBXFileReference; explicitFileType = wrapper.application; includeInIndex = 0; path = BilliardsMaching.app; sourceTree = BUILT_PRODUCTS_DIR; };
		D6313A142173853C00116FE9 /* AppDelegate.swift */ = {isa = PBXFileReference; lastKnownFileType = sourcecode.swift; path = AppDelegate.swift; sourceTree = "<group>"; };
		D6313A162173853C00116FE9 /* ViewController.swift */ = {isa = PBXFileReference; lastKnownFileType = sourcecode.swift; path = ViewController.swift; sourceTree = "<group>"; };
		D6313A192173853C00116FE9 /* Base */ = {isa = PBXFileReference; lastKnownFileType = file.storyboard; name = Base; path = Base.lproj/Main.storyboard; sourceTree = "<group>"; };
		D6313A1B2173853F00116FE9 /* Assets.xcassets */ = {isa = PBXFileReference; lastKnownFileType = folder.assetcatalog; path = Assets.xcassets; sourceTree = "<group>"; };
		D6313A1E2173853F00116FE9 /* Base */ = {isa = PBXFileReference; lastKnownFileType = file.storyboard; name = Base; path = Base.lproj/LaunchScreen.storyboard; sourceTree = "<group>"; };
		D6313A202173853F00116FE9 /* Info.plist */ = {isa = PBXFileReference; lastKnownFileType = text.plist.xml; path = Info.plist; sourceTree = "<group>"; };
		D6313A252173853F00116FE9 /* BilliardsMachingTests.xctest */ = {isa = PBXFileReference; explicitFileType = wrapper.cfbundle; includeInIndex = 0; path = BilliardsMachingTests.xctest; sourceTree = BUILT_PRODUCTS_DIR; };
		D6313A292173853F00116FE9 /* BilliardsMachingTests.swift */ = {isa = PBXFileReference; lastKnownFileType = sourcecode.swift; path = BilliardsMachingTests.swift; sourceTree = "<group>"; };
		D6313A2B2173853F00116FE9 /* Info.plist */ = {isa = PBXFileReference; lastKnownFileType = text.plist.xml; path = Info.plist; sourceTree = "<group>"; };
		D6313A302173853F00116FE9 /* BilliardsMachingUITests.xctest */ = {isa = PBXFileReference; explicitFileType = wrapper.cfbundle; includeInIndex = 0; path = BilliardsMachingUITests.xctest; sourceTree = BUILT_PRODUCTS_DIR; };
		D6313A342173853F00116FE9 /* BilliardsMachingUITests.swift */ = {isa = PBXFileReference; lastKnownFileType = sourcecode.swift; path = BilliardsMachingUITests.swift; sourceTree = "<group>"; };
		D6313A362173853F00116FE9 /* Info.plist */ = {isa = PBXFileReference; lastKnownFileType = text.plist.xml; path = Info.plist; sourceTree = "<group>"; };
		D6313A42217385DB00116FE9 /* HomeViewController.swift */ = {isa = PBXFileReference; lastKnownFileType = sourcecode.swift; path = HomeViewController.swift; sourceTree = "<group>"; };
		D6313A462173864300116FE9 /* LoginViewController.swift */ = {isa = PBXFileReference; lastKnownFileType = sourcecode.swift; path = LoginViewController.swift; sourceTree = "<group>"; };
		D6313A482173865700116FE9 /* CreateViewController.swift */ = {isa = PBXFileReference; lastKnownFileType = sourcecode.swift; path = CreateViewController.swift; sourceTree = "<group>"; };
		D6313A4A2173866B00116FE9 /* MypageViewController.swift */ = {isa = PBXFileReference; lastKnownFileType = sourcecode.swift; path = MypageViewController.swift; sourceTree = "<group>"; };
		D6313A4C2173869000116FE9 /* ChatViewController.swift */ = {isa = PBXFileReference; lastKnownFileType = sourcecode.swift; path = ChatViewController.swift; sourceTree = "<group>"; };
		D64D01D72180A91D00FDD782 /* ChatOneViewController.swift */ = {isa = PBXFileReference; lastKnownFileType = sourcecode.swift; path = ChatOneViewController.swift; sourceTree = "<group>"; };
		D64D01D92180AA0800FDD782 /* MockMessage.swift */ = {isa = PBXFileReference; lastKnownFileType = sourcecode.swift; path = MockMessage.swift; sourceTree = "<group>"; };
		FDE11E0CA211709C6103D35C /* Pods-BilliardsMachingUITests.debug.xcconfig */ = {isa = PBXFileReference; includeInIndex = 1; lastKnownFileType = text.xcconfig; name = "Pods-BilliardsMachingUITests.debug.xcconfig"; path = "Pods/Target Support Files/Pods-BilliardsMachingUITests/Pods-BilliardsMachingUITests.debug.xcconfig"; sourceTree = "<group>"; };
/* End PBXFileReference section */

/* Begin PBXFrameworksBuildPhase section */
		D6313A0E2173853C00116FE9 /* Frameworks */ = {
			isa = PBXFrameworksBuildPhase;
			buildActionMask = 2147483647;
			files = (
				CE486C8C8D253BE1A446FF27 /* Pods_BilliardsMaching.framework in Frameworks */,
			);
			runOnlyForDeploymentPostprocessing = 0;
		};
		D6313A222173853F00116FE9 /* Frameworks */ = {
			isa = PBXFrameworksBuildPhase;
			buildActionMask = 2147483647;
			files = (
				88188160FF3A71672F687E28 /* Pods_BilliardsMachingTests.framework in Frameworks */,
			);
			runOnlyForDeploymentPostprocessing = 0;
		};
		D6313A2D2173853F00116FE9 /* Frameworks */ = {
			isa = PBXFrameworksBuildPhase;
			buildActionMask = 2147483647;
			files = (
				72040E1FC9BCCD22D4C69340 /* Pods_BilliardsMachingUITests.framework in Frameworks */,
			);
			runOnlyForDeploymentPostprocessing = 0;
		};
/* End PBXFrameworksBuildPhase section */

/* Begin PBXGroup section */
		4B7A686F4AA52C1CD9471BAB /* Pods */ = {
			isa = PBXGroup;
			children = (
				1A64DF7A18DFB98BF8666CFD /* Pods-BilliardsMaching.debug.xcconfig */,
				03F5AABFBC5608472E3DF85F /* Pods-BilliardsMaching.release.xcconfig */,
				B1208BB68D6C6D5F171052DE /* Pods-BilliardsMachingTests.debug.xcconfig */,
				09613709088756A4BB69CE5E /* Pods-BilliardsMachingTests.release.xcconfig */,
				FDE11E0CA211709C6103D35C /* Pods-BilliardsMachingUITests.debug.xcconfig */,
				C244EBDB9DF82F4545BE1A16 /* Pods-BilliardsMachingUITests.release.xcconfig */,
			);
			name = Pods;
			sourceTree = "<group>";
		};
		7F4B0201AE2F0E6D35D2E08F /* Frameworks */ = {
			isa = PBXGroup;
			children = (
				4B4ED333A8E05120E1EBA915 /* Pods_BilliardsMaching.framework */,
				A8EC4CF5F2D00874971C1180 /* Pods_BilliardsMachingTests.framework */,
				D00F1165C3E17B4709D6738B /* Pods_BilliardsMachingUITests.framework */,
			);
			name = Frameworks;
			sourceTree = "<group>";
		};
		D61E1458218EBF120045F76D /* Extensions */ = {
			isa = PBXGroup;
			children = (
				D61E1459218EBF2E0045F76D /* UIView+Extension.swift */,
				D62ABFC521930A4900534D3A /* UIColor+Extension.swift */,
				D6179FB721A130CD00386E9E /* UIImage+Extension.swift */,
			);
			path = Extensions;
			sourceTree = "<group>";
		};
		D623204E2178C03A003F127E /* Account */ = {
			isa = PBXGroup;
			children = (
				D6313A462173864300116FE9 /* LoginViewController.swift */,
				D6257C4421761AF700C32366 /* NewAccountViewController.swift */,
				D6313A4A2173866B00116FE9 /* MypageViewController.swift */,
				D621821321AA6EF20012D53A /* MypageDisplayViewController.swift */,
			);
			path = Account;
			sourceTree = "<group>";
		};
		D62320552178CA7D003F127E /* Storyboard */ = {
			isa = PBXGroup;
			children = (
				D6313A1D2173853F00116FE9 /* LaunchScreen.storyboard */,
				D6313A182173853C00116FE9 /* Main.storyboard */,
				D62320522178CA64003F127E /* PostTableViewCell.xib */,
				D6251DB4217E028C000D0569 /* ChatTableViewCell.xib */,
			);
			path = Storyboard;
			sourceTree = "<group>";
		};
		D62320562178CAA0003F127E /* Main */ = {
			isa = PBXGroup;
			children = (
				D627FA51217F4C0E006CA175 /* Home */,
				D627FA50217F4BE5006CA175 /* Chat */,
				D623204E2178C03A003F127E /* Account */,
				D627FA52217F4C31006CA175 /* Else */,
			);
			path = Main;
			sourceTree = "<group>";
		};
		D62320572178CABF003F127E /* Common */ = {
			isa = PBXGroup;
			children = (
				D6257C46217621C700C32366 /* Header.swift */,
				D62721F321947D110081EBD4 /* ButtonClass.swift */,
				D61E145B218EC1A60045F76D /* UIToolbarLabel.swift */,
				D61C452F2197F2C0008911B3 /* UIToolbarTextField.swift */,
				D6239F8221986CE400391204 /* SetStatusBar.swift */,
			);
			path = Common;
			sourceTree = "<group>";
		};
		D6239F8421986D0800391204 /* FirebaseDB */ = {
			isa = PBXGroup;
			children = (
				D623204C2178BDF4003F127E /* Const.swift */,
				D623204F2178C753003F127E /* PostData.swift */,
				D625EB692179B09000D0F91A /* UserData.swift */,
				D6251DB7217E0459000D0569 /* ChatData.swift */,
			);
			path = FirebaseDB;
			sourceTree = "<group>";
		};
		D627FA50217F4BE5006CA175 /* Chat */ = {
			isa = PBXGroup;
			children = (
				D6251DB1217DFF92000D0569 /* ChatAllViewController.swift */,
				D6251DB3217E028C000D0569 /* ChatTableViewCell.swift */,
				D6313A4C2173869000116FE9 /* ChatViewController.swift */,
				D64D01D72180A91D00FDD782 /* ChatOneViewController.swift */,
				D64D01D92180AA0800FDD782 /* MockMessage.swift */,
			);
			path = Chat;
			sourceTree = "<group>";
		};
		D627FA51217F4C0E006CA175 /* Home */ = {
			isa = PBXGroup;
			children = (
				D6313A42217385DB00116FE9 /* HomeViewController.swift */,
				D62320512178CA64003F127E /* PostTableViewCell.swift */,
				D62320582178DB4E003F127E /* PopUpViewController.swift */,
				D6313A482173865700116FE9 /* CreateViewController.swift */,
			);
			path = Home;
			sourceTree = "<group>";
		};
		D627FA52217F4C31006CA175 /* Else */ = {
			isa = PBXGroup;
			children = (
				D6313A142173853C00116FE9 /* AppDelegate.swift */,
				D6313A162173853C00116FE9 /* ViewController.swift */,
			);
			path = Else;
			sourceTree = "<group>";
		};
		D6313A082173853C00116FE9 = {
			isa = PBXGroup;
			children = (
				D6313A132173853C00116FE9 /* BilliardsMaching */,
				D6313A282173853F00116FE9 /* BilliardsMachingTests */,
				D6313A332173853F00116FE9 /* BilliardsMachingUITests */,
				D6313A122173853C00116FE9 /* Products */,
				4B7A686F4AA52C1CD9471BAB /* Pods */,
				7F4B0201AE2F0E6D35D2E08F /* Frameworks */,
			);
			sourceTree = "<group>";
		};
		D6313A122173853C00116FE9 /* Products */ = {
			isa = PBXGroup;
			children = (
				D6313A112173853C00116FE9 /* BilliardsMaching.app */,
				D6313A252173853F00116FE9 /* BilliardsMachingTests.xctest */,
				D6313A302173853F00116FE9 /* BilliardsMachingUITests.xctest */,
			);
			name = Products;
			sourceTree = "<group>";
		};
		D6313A132173853C00116FE9 /* BilliardsMaching */ = {
			isa = PBXGroup;
			children = (
				D61E1458218EBF120045F76D /* Extensions */,
				D62320552178CA7D003F127E /* Storyboard */,
				D62320562178CAA0003F127E /* Main */,
				D62320572178CABF003F127E /* Common */,
				D6239F8421986D0800391204 /* FirebaseDB */,
				D6313A1B2173853F00116FE9 /* Assets.xcassets */,
				D6313A202173853F00116FE9 /* Info.plist */,
				D61CA5582174DE4000552B89 /* GoogleService-Info.plist */,
			);
			path = BilliardsMaching;
			sourceTree = "<group>";
		};
		D6313A282173853F00116FE9 /* BilliardsMachingTests */ = {
			isa = PBXGroup;
			children = (
				D6313A292173853F00116FE9 /* BilliardsMachingTests.swift */,
				D6313A2B2173853F00116FE9 /* Info.plist */,
			);
			path = BilliardsMachingTests;
			sourceTree = "<group>";
		};
		D6313A332173853F00116FE9 /* BilliardsMachingUITests */ = {
			isa = PBXGroup;
			children = (
				D6313A342173853F00116FE9 /* BilliardsMachingUITests.swift */,
				D6313A362173853F00116FE9 /* Info.plist */,
			);
			path = BilliardsMachingUITests;
			sourceTree = "<group>";
		};
/* End PBXGroup section */

/* Begin PBXNativeTarget section */
		D6313A102173853C00116FE9 /* BilliardsMaching */ = {
			isa = PBXNativeTarget;
			buildConfigurationList = D6313A392173853F00116FE9 /* Build configuration list for PBXNativeTarget "BilliardsMaching" */;
			buildPhases = (
				84E0D86FFB66E877D4DDC865 /* [CP] Check Pods Manifest.lock */,
				D6313A0D2173853C00116FE9 /* Sources */,
				D6313A0E2173853C00116FE9 /* Frameworks */,
				D6313A0F2173853C00116FE9 /* Resources */,
				9B3D261A0568CFF0AB9F3C0E /* [CP] Embed Pods Frameworks */,
			);
			buildRules = (
			);
			dependencies = (
			);
			name = BilliardsMaching;
			productName = BilliardsMaching;
			productReference = D6313A112173853C00116FE9 /* BilliardsMaching.app */;
			productType = "com.apple.product-type.application";
		};
		D6313A242173853F00116FE9 /* BilliardsMachingTests */ = {
			isa = PBXNativeTarget;
			buildConfigurationList = D6313A3C2173853F00116FE9 /* Build configuration list for PBXNativeTarget "BilliardsMachingTests" */;
			buildPhases = (
				DDE247618FBBD80636339D10 /* [CP] Check Pods Manifest.lock */,
				D6313A212173853F00116FE9 /* Sources */,
				D6313A222173853F00116FE9 /* Frameworks */,
				D6313A232173853F00116FE9 /* Resources */,
			);
			buildRules = (
			);
			dependencies = (
				D6313A272173853F00116FE9 /* PBXTargetDependency */,
			);
			name = BilliardsMachingTests;
			productName = BilliardsMachingTests;
			productReference = D6313A252173853F00116FE9 /* BilliardsMachingTests.xctest */;
			productType = "com.apple.product-type.bundle.unit-test";
		};
		D6313A2F2173853F00116FE9 /* BilliardsMachingUITests */ = {
			isa = PBXNativeTarget;
			buildConfigurationList = D6313A3F2173853F00116FE9 /* Build configuration list for PBXNativeTarget "BilliardsMachingUITests" */;
			buildPhases = (
				4CC37970DE3A16474E461BB5 /* [CP] Check Pods Manifest.lock */,
				D6313A2C2173853F00116FE9 /* Sources */,
				D6313A2D2173853F00116FE9 /* Frameworks */,
				D6313A2E2173853F00116FE9 /* Resources */,
			);
			buildRules = (
			);
			dependencies = (
				D6313A322173853F00116FE9 /* PBXTargetDependency */,
			);
			name = BilliardsMachingUITests;
			productName = BilliardsMachingUITests;
			productReference = D6313A302173853F00116FE9 /* BilliardsMachingUITests.xctest */;
			productType = "com.apple.product-type.bundle.ui-testing";
		};
/* End PBXNativeTarget section */

/* Begin PBXProject section */
		D6313A092173853C00116FE9 /* Project object */ = {
			isa = PBXProject;
			attributes = {
				LastSwiftUpdateCheck = 0940;
				LastUpgradeCheck = 0940;
				ORGANIZATIONNAME = shota.kohsaka;
				TargetAttributes = {
					D6313A102173853C00116FE9 = {
						CreatedOnToolsVersion = 9.4.1;
					};
					D6313A242173853F00116FE9 = {
						CreatedOnToolsVersion = 9.4.1;
						TestTargetID = D6313A102173853C00116FE9;
					};
					D6313A2F2173853F00116FE9 = {
						CreatedOnToolsVersion = 9.4.1;
						TestTargetID = D6313A102173853C00116FE9;
					};
				};
			};
			buildConfigurationList = D6313A0C2173853C00116FE9 /* Build configuration list for PBXProject "BilliardsMaching" */;
			compatibilityVersion = "Xcode 9.3";
			developmentRegion = en;
			hasScannedForEncodings = 0;
			knownRegions = (
				en,
				Base,
			);
			mainGroup = D6313A082173853C00116FE9;
			productRefGroup = D6313A122173853C00116FE9 /* Products */;
			projectDirPath = "";
			projectRoot = "";
			targets = (
				D6313A102173853C00116FE9 /* BilliardsMaching */,
				D6313A242173853F00116FE9 /* BilliardsMachingTests */,
				D6313A2F2173853F00116FE9 /* BilliardsMachingUITests */,
			);
		};
/* End PBXProject section */

/* Begin PBXResourcesBuildPhase section */
		D6313A0F2173853C00116FE9 /* Resources */ = {
			isa = PBXResourcesBuildPhase;
			buildActionMask = 2147483647;
			files = (
				D6313A1F2173853F00116FE9 /* LaunchScreen.storyboard in Resources */,
				D6251DB6217E028C000D0569 /* ChatTableViewCell.xib in Resources */,
				D62320542178CA64003F127E /* PostTableViewCell.xib in Resources */,
				D6313A1C2173853F00116FE9 /* Assets.xcassets in Resources */,
				D6313A1A2173853C00116FE9 /* Main.storyboard in Resources */,
				D61CA5592174DE4100552B89 /* GoogleService-Info.plist in Resources */,
			);
			runOnlyForDeploymentPostprocessing = 0;
		};
		D6313A232173853F00116FE9 /* Resources */ = {
			isa = PBXResourcesBuildPhase;
			buildActionMask = 2147483647;
			files = (
			);
			runOnlyForDeploymentPostprocessing = 0;
		};
		D6313A2E2173853F00116FE9 /* Resources */ = {
			isa = PBXResourcesBuildPhase;
			buildActionMask = 2147483647;
			files = (
			);
			runOnlyForDeploymentPostprocessing = 0;
		};
/* End PBXResourcesBuildPhase section */

/* Begin PBXShellScriptBuildPhase section */
		4CC37970DE3A16474E461BB5 /* [CP] Check Pods Manifest.lock */ = {
			isa = PBXShellScriptBuildPhase;
			buildActionMask = 2147483647;
			files = (
			);
			inputPaths = (
				"${PODS_PODFILE_DIR_PATH}/Podfile.lock",
				"${PODS_ROOT}/Manifest.lock",
			);
			name = "[CP] Check Pods Manifest.lock";
			outputPaths = (
				"$(DERIVED_FILE_DIR)/Pods-BilliardsMachingUITests-checkManifestLockResult.txt",
			);
			runOnlyForDeploymentPostprocessing = 0;
			shellPath = /bin/sh;
			shellScript = "diff \"${PODS_PODFILE_DIR_PATH}/Podfile.lock\" \"${PODS_ROOT}/Manifest.lock\" > /dev/null\nif [ $? != 0 ] ; then\n    # print error to STDERR\n    echo \"error: The sandbox is not in sync with the Podfile.lock. Run 'pod install' or update your CocoaPods installation.\" >&2\n    exit 1\nfi\n# This output is used by Xcode 'outputs' to avoid re-running this script phase.\necho \"SUCCESS\" > \"${SCRIPT_OUTPUT_FILE_0}\"\n";
			showEnvVarsInLog = 0;
		};
		84E0D86FFB66E877D4DDC865 /* [CP] Check Pods Manifest.lock */ = {
			isa = PBXShellScriptBuildPhase;
			buildActionMask = 2147483647;
			files = (
			);
			inputPaths = (
				"${PODS_PODFILE_DIR_PATH}/Podfile.lock",
				"${PODS_ROOT}/Manifest.lock",
			);
			name = "[CP] Check Pods Manifest.lock";
			outputPaths = (
				"$(DERIVED_FILE_DIR)/Pods-BilliardsMaching-checkManifestLockResult.txt",
			);
			runOnlyForDeploymentPostprocessing = 0;
			shellPath = /bin/sh;
			shellScript = "diff \"${PODS_PODFILE_DIR_PATH}/Podfile.lock\" \"${PODS_ROOT}/Manifest.lock\" > /dev/null\nif [ $? != 0 ] ; then\n    # print error to STDERR\n    echo \"error: The sandbox is not in sync with the Podfile.lock. Run 'pod install' or update your CocoaPods installation.\" >&2\n    exit 1\nfi\n# This output is used by Xcode 'outputs' to avoid re-running this script phase.\necho \"SUCCESS\" > \"${SCRIPT_OUTPUT_FILE_0}\"\n";
			showEnvVarsInLog = 0;
		};
		9B3D261A0568CFF0AB9F3C0E /* [CP] Embed Pods Frameworks */ = {
			isa = PBXShellScriptBuildPhase;
			buildActionMask = 2147483647;
			files = (
			);
			inputPaths = (
				"${SRCROOT}/Pods/Target Support Files/Pods-BilliardsMaching/Pods-BilliardsMaching-frameworks.sh",
				"${BUILT_PRODUCTS_DIR}/CLImageEditor/CLImageEditor.framework",
				"${BUILT_PRODUCTS_DIR}/ESTabBarController/ESTabBarController.framework",
				"${BUILT_PRODUCTS_DIR}/FontAwesome/FontAwesome.framework",
				"${BUILT_PRODUCTS_DIR}/GTMSessionFetcher/GTMSessionFetcher.framework",
				"${BUILT_PRODUCTS_DIR}/GoogleToolboxForMac/GoogleToolboxForMac.framework",
				"${BUILT_PRODUCTS_DIR}/JSQMessagesViewController/JSQMessagesViewController.framework",
				"${BUILT_PRODUCTS_DIR}/JSQSystemSoundPlayer/JSQSystemSoundPlayer.framework",
				"${BUILT_PRODUCTS_DIR}/MessageKit/MessageKit.framework",
				"${BUILT_PRODUCTS_DIR}/SDWebImage/SDWebImage.framework",
				"${BUILT_PRODUCTS_DIR}/SVProgressHUD/SVProgressHUD.framework",
				"${BUILT_PRODUCTS_DIR}/leveldb-library/leveldb.framework",
				"${BUILT_PRODUCTS_DIR}/nanopb/nanopb.framework",
			);
			name = "[CP] Embed Pods Frameworks";
			outputPaths = (
				"${TARGET_BUILD_DIR}/${FRAMEWORKS_FOLDER_PATH}/CLImageEditor.framework",
				"${TARGET_BUILD_DIR}/${FRAMEWORKS_FOLDER_PATH}/ESTabBarController.framework",
				"${TARGET_BUILD_DIR}/${FRAMEWORKS_FOLDER_PATH}/FontAwesome.framework",
				"${TARGET_BUILD_DIR}/${FRAMEWORKS_FOLDER_PATH}/GTMSessionFetcher.framework",
				"${TARGET_BUILD_DIR}/${FRAMEWORKS_FOLDER_PATH}/GoogleToolboxForMac.framework",
				"${TARGET_BUILD_DIR}/${FRAMEWORKS_FOLDER_PATH}/JSQMessagesViewController.framework",
				"${TARGET_BUILD_DIR}/${FRAMEWORKS_FOLDER_PATH}/JSQSystemSoundPlayer.framework",
				"${TARGET_BUILD_DIR}/${FRAMEWORKS_FOLDER_PATH}/MessageKit.framework",
				"${TARGET_BUILD_DIR}/${FRAMEWORKS_FOLDER_PATH}/SDWebImage.framework",
				"${TARGET_BUILD_DIR}/${FRAMEWORKS_FOLDER_PATH}/SVProgressHUD.framework",
				"${TARGET_BUILD_DIR}/${FRAMEWORKS_FOLDER_PATH}/leveldb.framework",
				"${TARGET_BUILD_DIR}/${FRAMEWORKS_FOLDER_PATH}/nanopb.framework",
			);
			runOnlyForDeploymentPostprocessing = 0;
			shellPath = /bin/sh;
			shellScript = "\"${SRCROOT}/Pods/Target Support Files/Pods-BilliardsMaching/Pods-BilliardsMaching-frameworks.sh\"\n";
			showEnvVarsInLog = 0;
		};
		DDE247618FBBD80636339D10 /* [CP] Check Pods Manifest.lock */ = {
			isa = PBXShellScriptBuildPhase;
			buildActionMask = 2147483647;
			files = (
			);
			inputPaths = (
				"${PODS_PODFILE_DIR_PATH}/Podfile.lock",
				"${PODS_ROOT}/Manifest.lock",
			);
			name = "[CP] Check Pods Manifest.lock";
			outputPaths = (
				"$(DERIVED_FILE_DIR)/Pods-BilliardsMachingTests-checkManifestLockResult.txt",
			);
			runOnlyForDeploymentPostprocessing = 0;
			shellPath = /bin/sh;
			shellScript = "diff \"${PODS_PODFILE_DIR_PATH}/Podfile.lock\" \"${PODS_ROOT}/Manifest.lock\" > /dev/null\nif [ $? != 0 ] ; then\n    # print error to STDERR\n    echo \"error: The sandbox is not in sync with the Podfile.lock. Run 'pod install' or update your CocoaPods installation.\" >&2\n    exit 1\nfi\n# This output is used by Xcode 'outputs' to avoid re-running this script phase.\necho \"SUCCESS\" > \"${SCRIPT_OUTPUT_FILE_0}\"\n";
			showEnvVarsInLog = 0;
		};
/* End PBXShellScriptBuildPhase section */

/* Begin PBXSourcesBuildPhase section */
		D6313A0D2173853C00116FE9 /* Sources */ = {
			isa = PBXSourcesBuildPhase;
			buildActionMask = 2147483647;
			files = (
				D64D01DA2180AA0800FDD782 /* MockMessage.swift in Sources */,
				D621821421AA6EF20012D53A /* MypageDisplayViewController.swift in Sources */,
				D6257C47217621C700C32366 /* Header.swift in Sources */,
				D6313A172173853C00116FE9 /* ViewController.swift in Sources */,
				D62ABFC621930A4900534D3A /* UIColor+Extension.swift in Sources */,
				D625EB6A2179B09000D0F91A /* UserData.swift in Sources */,
				D6313A152173853C00116FE9 /* AppDelegate.swift in Sources */,
				D6313A4D2173869000116FE9 /* ChatViewController.swift in Sources */,
				D6251DB5217E028C000D0569 /* ChatTableViewCell.swift in Sources */,
				D6313A4B2173866B00116FE9 /* MypageViewController.swift in Sources */,
				D64D01D82180A91D00FDD782 /* ChatOneViewController.swift in Sources */,
				D6239F8321986CE400391204 /* SetStatusBar.swift in Sources */,
				D6313A492173865700116FE9 /* CreateViewController.swift in Sources */,
				D62721F421947D110081EBD4 /* ButtonClass.swift in Sources */,
				D6179FB821A130CD00386E9E /* UIImage+Extension.swift in Sources */,
				D6251DB2217DFF92000D0569 /* ChatAllViewController.swift in Sources */,
				D6257C4521761AF700C32366 /* NewAccountViewController.swift in Sources */,
				D62320592178DB4E003F127E /* PopUpViewController.swift in Sources */,
				D6313A43217385DC00116FE9 /* HomeViewController.swift in Sources */,
				D6251DB8217E0459000D0569 /* ChatData.swift in Sources */,
				D6313A472173864300116FE9 /* LoginViewController.swift in Sources */,
				D62320502178C753003F127E /* PostData.swift in Sources */,
				D623204D2178BDF4003F127E /* Const.swift in Sources */,
				D61E145C218EC1A60045F76D /* UIToolbarLabel.swift in Sources */,
				D61C45302197F2C0008911B3 /* UIToolbarTextField.swift in Sources */,
				D61E145A218EBF2E0045F76D /* UIView+Extension.swift in Sources */,
				D62320532178CA64003F127E /* PostTableViewCell.swift in Sources */,
			);
			runOnlyForDeploymentPostprocessing = 0;
		};
		D6313A212173853F00116FE9 /* Sources */ = {
			isa = PBXSourcesBuildPhase;
			buildActionMask = 2147483647;
			files = (
				D6313A2A2173853F00116FE9 /* BilliardsMachingTests.swift in Sources */,
			);
			runOnlyForDeploymentPostprocessing = 0;
		};
		D6313A2C2173853F00116FE9 /* Sources */ = {
			isa = PBXSourcesBuildPhase;
			buildActionMask = 2147483647;
			files = (
				D6313A352173853F00116FE9 /* BilliardsMachingUITests.swift in Sources */,
			);
			runOnlyForDeploymentPostprocessing = 0;
		};
/* End PBXSourcesBuildPhase section */

/* Begin PBXTargetDependency section */
		D6313A272173853F00116FE9 /* PBXTargetDependency */ = {
			isa = PBXTargetDependency;
			target = D6313A102173853C00116FE9 /* BilliardsMaching */;
			targetProxy = D6313A262173853F00116FE9 /* PBXContainerItemProxy */;
		};
		D6313A322173853F00116FE9 /* PBXTargetDependency */ = {
			isa = PBXTargetDependency;
			target = D6313A102173853C00116FE9 /* BilliardsMaching */;
			targetProxy = D6313A312173853F00116FE9 /* PBXContainerItemProxy */;
		};
/* End PBXTargetDependency section */

/* Begin PBXVariantGroup section */
		D6313A182173853C00116FE9 /* Main.storyboard */ = {
			isa = PBXVariantGroup;
			children = (
				D6313A192173853C00116FE9 /* Base */,
			);
			name = Main.storyboard;
			sourceTree = "<group>";
		};
		D6313A1D2173853F00116FE9 /* LaunchScreen.storyboard */ = {
			isa = PBXVariantGroup;
			children = (
				D6313A1E2173853F00116FE9 /* Base */,
			);
			name = LaunchScreen.storyboard;
			sourceTree = "<group>";
		};
/* End PBXVariantGroup section */

/* Begin XCBuildConfiguration section */
		D6313A372173853F00116FE9 /* Debug */ = {
			isa = XCBuildConfiguration;
			buildSettings = {
				ALWAYS_SEARCH_USER_PATHS = NO;
				CLANG_ANALYZER_NONNULL = YES;
				CLANG_ANALYZER_NUMBER_OBJECT_CONVERSION = YES_AGGRESSIVE;
				CLANG_CXX_LANGUAGE_STANDARD = "gnu++14";
				CLANG_CXX_LIBRARY = "libc++";
				CLANG_ENABLE_MODULES = YES;
				CLANG_ENABLE_OBJC_ARC = YES;
				CLANG_ENABLE_OBJC_WEAK = YES;
				CLANG_WARN_BLOCK_CAPTURE_AUTORELEASING = YES;
				CLANG_WARN_BOOL_CONVERSION = YES;
				CLANG_WARN_COMMA = YES;
				CLANG_WARN_CONSTANT_CONVERSION = YES;
				CLANG_WARN_DEPRECATED_OBJC_IMPLEMENTATIONS = YES;
				CLANG_WARN_DIRECT_OBJC_ISA_USAGE = YES_ERROR;
				CLANG_WARN_DOCUMENTATION_COMMENTS = YES;
				CLANG_WARN_EMPTY_BODY = YES;
				CLANG_WARN_ENUM_CONVERSION = YES;
				CLANG_WARN_INFINITE_RECURSION = YES;
				CLANG_WARN_INT_CONVERSION = YES;
				CLANG_WARN_NON_LITERAL_NULL_CONVERSION = YES;
				CLANG_WARN_OBJC_IMPLICIT_RETAIN_SELF = YES;
				CLANG_WARN_OBJC_LITERAL_CONVERSION = YES;
				CLANG_WARN_OBJC_ROOT_CLASS = YES_ERROR;
				CLANG_WARN_RANGE_LOOP_ANALYSIS = YES;
				CLANG_WARN_STRICT_PROTOTYPES = YES;
				CLANG_WARN_SUSPICIOUS_MOVE = YES;
				CLANG_WARN_UNGUARDED_AVAILABILITY = YES_AGGRESSIVE;
				CLANG_WARN_UNREACHABLE_CODE = YES;
				CLANG_WARN__DUPLICATE_METHOD_MATCH = YES;
				CODE_SIGN_IDENTITY = "iPhone Developer";
				COPY_PHASE_STRIP = NO;
				DEBUG_INFORMATION_FORMAT = dwarf;
				ENABLE_STRICT_OBJC_MSGSEND = YES;
				ENABLE_TESTABILITY = YES;
				GCC_C_LANGUAGE_STANDARD = gnu11;
				GCC_DYNAMIC_NO_PIC = NO;
				GCC_NO_COMMON_BLOCKS = YES;
				GCC_OPTIMIZATION_LEVEL = 0;
				GCC_PREPROCESSOR_DEFINITIONS = (
					"DEBUG=1",
					"$(inherited)",
				);
				GCC_WARN_64_TO_32_BIT_CONVERSION = YES;
				GCC_WARN_ABOUT_RETURN_TYPE = YES_ERROR;
				GCC_WARN_UNDECLARED_SELECTOR = YES;
				GCC_WARN_UNINITIALIZED_AUTOS = YES_AGGRESSIVE;
				GCC_WARN_UNUSED_FUNCTION = YES;
				GCC_WARN_UNUSED_VARIABLE = YES;
				IPHONEOS_DEPLOYMENT_TARGET = 11.4;
				MTL_ENABLE_DEBUG_INFO = YES;
				ONLY_ACTIVE_ARCH = YES;
				SDKROOT = iphoneos;
				SWIFT_ACTIVE_COMPILATION_CONDITIONS = DEBUG;
				SWIFT_OPTIMIZATION_LEVEL = "-Onone";
			};
			name = Debug;
		};
		D6313A382173853F00116FE9 /* Release */ = {
			isa = XCBuildConfiguration;
			buildSettings = {
				ALWAYS_SEARCH_USER_PATHS = NO;
				CLANG_ANALYZER_NONNULL = YES;
				CLANG_ANALYZER_NUMBER_OBJECT_CONVERSION = YES_AGGRESSIVE;
				CLANG_CXX_LANGUAGE_STANDARD = "gnu++14";
				CLANG_CXX_LIBRARY = "libc++";
				CLANG_ENABLE_MODULES = YES;
				CLANG_ENABLE_OBJC_ARC = YES;
				CLANG_ENABLE_OBJC_WEAK = YES;
				CLANG_WARN_BLOCK_CAPTURE_AUTORELEASING = YES;
				CLANG_WARN_BOOL_CONVERSION = YES;
				CLANG_WARN_COMMA = YES;
				CLANG_WARN_CONSTANT_CONVERSION = YES;
				CLANG_WARN_DEPRECATED_OBJC_IMPLEMENTATIONS = YES;
				CLANG_WARN_DIRECT_OBJC_ISA_USAGE = YES_ERROR;
				CLANG_WARN_DOCUMENTATION_COMMENTS = YES;
				CLANG_WARN_EMPTY_BODY = YES;
				CLANG_WARN_ENUM_CONVERSION = YES;
				CLANG_WARN_INFINITE_RECURSION = YES;
				CLANG_WARN_INT_CONVERSION = YES;
				CLANG_WARN_NON_LITERAL_NULL_CONVERSION = YES;
				CLANG_WARN_OBJC_IMPLICIT_RETAIN_SELF = YES;
				CLANG_WARN_OBJC_LITERAL_CONVERSION = YES;
				CLANG_WARN_OBJC_ROOT_CLASS = YES_ERROR;
				CLANG_WARN_RANGE_LOOP_ANALYSIS = YES;
				CLANG_WARN_STRICT_PROTOTYPES = YES;
				CLANG_WARN_SUSPICIOUS_MOVE = YES;
				CLANG_WARN_UNGUARDED_AVAILABILITY = YES_AGGRESSIVE;
				CLANG_WARN_UNREACHABLE_CODE = YES;
				CLANG_WARN__DUPLICATE_METHOD_MATCH = YES;
				CODE_SIGN_IDENTITY = "iPhone Developer";
				COPY_PHASE_STRIP = NO;
				DEBUG_INFORMATION_FORMAT = "dwarf-with-dsym";
				ENABLE_NS_ASSERTIONS = NO;
				ENABLE_STRICT_OBJC_MSGSEND = YES;
				GCC_C_LANGUAGE_STANDARD = gnu11;
				GCC_NO_COMMON_BLOCKS = YES;
				GCC_WARN_64_TO_32_BIT_CONVERSION = YES;
				GCC_WARN_ABOUT_RETURN_TYPE = YES_ERROR;
				GCC_WARN_UNDECLARED_SELECTOR = YES;
				GCC_WARN_UNINITIALIZED_AUTOS = YES_AGGRESSIVE;
				GCC_WARN_UNUSED_FUNCTION = YES;
				GCC_WARN_UNUSED_VARIABLE = YES;
				IPHONEOS_DEPLOYMENT_TARGET = 11.4;
				MTL_ENABLE_DEBUG_INFO = NO;
				SDKROOT = iphoneos;
				SWIFT_COMPILATION_MODE = wholemodule;
				SWIFT_OPTIMIZATION_LEVEL = "-O";
				VALIDATE_PRODUCT = YES;
			};
			name = Release;
		};
		D6313A3A2173853F00116FE9 /* Debug */ = {
			isa = XCBuildConfiguration;
			baseConfigurationReference = 1A64DF7A18DFB98BF8666CFD /* Pods-BilliardsMaching.debug.xcconfig */;
			buildSettings = {
				ASSETCATALOG_COMPILER_APPICON_NAME = AppIcon;
				CODE_SIGN_STYLE = Automatic;
				DEVELOPMENT_TEAM = 6FDLSN72QJ;
				INFOPLIST_FILE = BilliardsMaching/Info.plist;
				LD_RUNPATH_SEARCH_PATHS = (
					"$(inherited)",
					"@executable_path/Frameworks",
				);
				PRODUCT_BUNDLE_IDENTIFIER = jp.techacademy.shota.kohsaka.BilliardsMaching;
				PRODUCT_NAME = "$(TARGET_NAME)";
				SWIFT_VERSION = 4.0;
				TARGETED_DEVICE_FAMILY = "1,2";
			};
			name = Debug;
		};
		D6313A3B2173853F00116FE9 /* Release */ = {
			isa = XCBuildConfiguration;
			baseConfigurationReference = 03F5AABFBC5608472E3DF85F /* Pods-BilliardsMaching.release.xcconfig */;
			buildSettings = {
				ASSETCATALOG_COMPILER_APPICON_NAME = AppIcon;
				CODE_SIGN_STYLE = Automatic;
				DEVELOPMENT_TEAM = 6FDLSN72QJ;
				INFOPLIST_FILE = BilliardsMaching/Info.plist;
				LD_RUNPATH_SEARCH_PATHS = (
					"$(inherited)",
					"@executable_path/Frameworks",
				);
				PRODUCT_BUNDLE_IDENTIFIER = jp.techacademy.shota.kohsaka.BilliardsMaching;
				PRODUCT_NAME = "$(TARGET_NAME)";
				SWIFT_VERSION = 4.0;
				TARGETED_DEVICE_FAMILY = "1,2";
			};
			name = Release;
		};
		D6313A3D2173853F00116FE9 /* Debug */ = {
			isa = XCBuildConfiguration;
			baseConfigurationReference = B1208BB68D6C6D5F171052DE /* Pods-BilliardsMachingTests.debug.xcconfig */;
			buildSettings = {
				ALWAYS_EMBED_SWIFT_STANDARD_LIBRARIES = YES;
				BUNDLE_LOADER = "$(TEST_HOST)";
				CODE_SIGN_STYLE = Automatic;
				DEVELOPMENT_TEAM = 6FDLSN72QJ;
				INFOPLIST_FILE = BilliardsMachingTests/Info.plist;
				LD_RUNPATH_SEARCH_PATHS = (
					"$(inherited)",
					"@executable_path/Frameworks",
					"@loader_path/Frameworks",
				);
				PRODUCT_BUNDLE_IDENTIFIER = jp.techacademy.shota.kohsaka.BilliardsMachingTests;
				PRODUCT_NAME = "$(TARGET_NAME)";
				SWIFT_VERSION = 4.0;
				TARGETED_DEVICE_FAMILY = "1,2";
				TEST_HOST = "$(BUILT_PRODUCTS_DIR)/BilliardsMaching.app/BilliardsMaching";
			};
			name = Debug;
		};
		D6313A3E2173853F00116FE9 /* Release */ = {
			isa = XCBuildConfiguration;
			baseConfigurationReference = 09613709088756A4BB69CE5E /* Pods-BilliardsMachingTests.release.xcconfig */;
			buildSettings = {
				ALWAYS_EMBED_SWIFT_STANDARD_LIBRARIES = YES;
				BUNDLE_LOADER = "$(TEST_HOST)";
				CODE_SIGN_STYLE = Automatic;
				DEVELOPMENT_TEAM = 6FDLSN72QJ;
				INFOPLIST_FILE = BilliardsMachingTests/Info.plist;
				LD_RUNPATH_SEARCH_PATHS = (
					"$(inherited)",
					"@executable_path/Frameworks",
					"@loader_path/Frameworks",
				);
				PRODUCT_BUNDLE_IDENTIFIER = jp.techacademy.shota.kohsaka.BilliardsMachingTests;
				PRODUCT_NAME = "$(TARGET_NAME)";
				SWIFT_VERSION = 4.0;
				TARGETED_DEVICE_FAMILY = "1,2";
				TEST_HOST = "$(BUILT_PRODUCTS_DIR)/BilliardsMaching.app/BilliardsMaching";
			};
			name = Release;
		};
		D6313A402173853F00116FE9 /* Debug */ = {
			isa = XCBuildConfiguration;
			baseConfigurationReference = FDE11E0CA211709C6103D35C /* Pods-BilliardsMachingUITests.debug.xcconfig */;
			buildSettings = {
				ALWAYS_EMBED_SWIFT_STANDARD_LIBRARIES = YES;
				CODE_SIGN_STYLE = Automatic;
				DEVELOPMENT_TEAM = 6FDLSN72QJ;
				INFOPLIST_FILE = BilliardsMachingUITests/Info.plist;
				LD_RUNPATH_SEARCH_PATHS = (
					"$(inherited)",
					"@executable_path/Frameworks",
					"@loader_path/Frameworks",
				);
				PRODUCT_BUNDLE_IDENTIFIER = jp.techacademy.shota.kohsaka.BilliardsMachingUITests;
				PRODUCT_NAME = "$(TARGET_NAME)";
				SWIFT_VERSION = 4.0;
				TARGETED_DEVICE_FAMILY = "1,2";
				TEST_TARGET_NAME = BilliardsMaching;
			};
			name = Debug;
		};
		D6313A412173853F00116FE9 /* Release */ = {
			isa = XCBuildConfiguration;
			baseConfigurationReference = C244EBDB9DF82F4545BE1A16 /* Pods-BilliardsMachingUITests.release.xcconfig */;
			buildSettings = {
				ALWAYS_EMBED_SWIFT_STANDARD_LIBRARIES = YES;
				CODE_SIGN_STYLE = Automatic;
				DEVELOPMENT_TEAM = 6FDLSN72QJ;
				INFOPLIST_FILE = BilliardsMachingUITests/Info.plist;
				LD_RUNPATH_SEARCH_PATHS = (
					"$(inherited)",
					"@executable_path/Frameworks",
					"@loader_path/Frameworks",
				);
				PRODUCT_BUNDLE_IDENTIFIER = jp.techacademy.shota.kohsaka.BilliardsMachingUITests;
				PRODUCT_NAME = "$(TARGET_NAME)";
				SWIFT_VERSION = 4.0;
				TARGETED_DEVICE_FAMILY = "1,2";
				TEST_TARGET_NAME = BilliardsMaching;
			};
			name = Release;
		};
/* End XCBuildConfiguration section */

/* Begin XCConfigurationList section */
		D6313A0C2173853C00116FE9 /* Build configuration list for PBXProject "BilliardsMaching" */ = {
			isa = XCConfigurationList;
			buildConfigurations = (
				D6313A372173853F00116FE9 /* Debug */,
				D6313A382173853F00116FE9 /* Release */,
			);
			defaultConfigurationIsVisible = 0;
			defaultConfigurationName = Release;
		};
		D6313A392173853F00116FE9 /* Build configuration list for PBXNativeTarget "BilliardsMaching" */ = {
			isa = XCConfigurationList;
			buildConfigurations = (
				D6313A3A2173853F00116FE9 /* Debug */,
				D6313A3B2173853F00116FE9 /* Release */,
			);
			defaultConfigurationIsVisible = 0;
			defaultConfigurationName = Release;
		};
		D6313A3C2173853F00116FE9 /* Build configuration list for PBXNativeTarget "BilliardsMachingTests" */ = {
			isa = XCConfigurationList;
			buildConfigurations = (
				D6313A3D2173853F00116FE9 /* Debug */,
				D6313A3E2173853F00116FE9 /* Release */,
			);
			defaultConfigurationIsVisible = 0;
			defaultConfigurationName = Release;
		};
		D6313A3F2173853F00116FE9 /* Build configuration list for PBXNativeTarget "BilliardsMachingUITests" */ = {
			isa = XCConfigurationList;
			buildConfigurations = (
				D6313A402173853F00116FE9 /* Debug */,
				D6313A412173853F00116FE9 /* Release */,
			);
			defaultConfigurationIsVisible = 0;
			defaultConfigurationName = Release;
		};
/* End XCConfigurationList section */
	};
	rootObject = D6313A092173853C00116FE9 /* Project object */;
}
